// !$*UTF8*$!
{
	archiveVersion = 1;
	classes = {
	};
	objectVersion = 60;
	objects = {

/* Begin PBXBuildFile section */
		666CC2DF2C4C172600AF413B /* AppDelegate.swift in Sources */ = {isa = PBXBuildFile; fileRef = 666CC2DE2C4C172600AF413B /* AppDelegate.swift */; };
		666CC2E12C4C172600AF413B /* SceneDelegate.swift in Sources */ = {isa = PBXBuildFile; fileRef = 666CC2E02C4C172600AF413B /* SceneDelegate.swift */; };
		666CC2E32C4C172600AF413B /* ViewController.swift in Sources */ = {isa = PBXBuildFile; fileRef = 666CC2E22C4C172600AF413B /* ViewController.swift */; };
		666CC2E62C4C172600AF413B /* Base in Resources */ = {isa = PBXBuildFile; fileRef = 666CC2E52C4C172600AF413B /* Base */; };
		666CC2E82C4C172700AF413B /* Assets.xcassets in Resources */ = {isa = PBXBuildFile; fileRef = 666CC2E72C4C172700AF413B /* Assets.xcassets */; };
		666CC2EB2C4C172700AF413B /* Base in Resources */ = {isa = PBXBuildFile; fileRef = 666CC2EA2C4C172700AF413B /* Base */; };
		666CC2F32C4C181200AF413B /* MenuTableViewCell.swift in Sources */ = {isa = PBXBuildFile; fileRef = 666CC2F22C4C181200AF413B /* MenuTableViewCell.swift */; };
		666CC2F52C4C184900AF413B /* MenuViewController.swift in Sources */ = {isa = PBXBuildFile; fileRef = 666CC2F42C4C184900AF413B /* MenuViewController.swift */; };
		666CC2F92C4C18A700AF413B /* Item.swift in Sources */ = {isa = PBXBuildFile; fileRef = 666CC2F82C4C18A700AF413B /* Item.swift */; };
		666CC2FD2C4D5A9900AF413B /* CartTableViewCell.swift in Sources */ = {isa = PBXBuildFile; fileRef = 666CC2FC2C4D5A9900AF413B /* CartTableViewCell.swift */; };
		F737C2892C4D08070099BA81 /* OptionsViewController.swift in Sources */ = {isa = PBXBuildFile; fileRef = F737C2882C4D08070099BA81 /* OptionsViewController.swift */; };
		F737C28D2C4D18070099BA81 /* CartViewController.swift in Sources */ = {isa = PBXBuildFile; fileRef = F737C28C2C4D18070099BA81 /* CartViewController.swift */; };
/* End PBXBuildFile section */

/* Begin PBXFileReference section */
		666CC2DB2C4C172600AF413B /* kebuke.app */ = {isa = PBXFileReference; explicitFileType = wrapper.application; includeInIndex = 0; path = kebuke.app; sourceTree = BUILT_PRODUCTS_DIR; };
		666CC2DE2C4C172600AF413B /* AppDelegate.swift */ = {isa = PBXFileReference; lastKnownFileType = sourcecode.swift; path = AppDelegate.swift; sourceTree = "<group>"; };
		666CC2E02C4C172600AF413B /* SceneDelegate.swift */ = {isa = PBXFileReference; lastKnownFileType = sourcecode.swift; path = SceneDelegate.swift; sourceTree = "<group>"; };
		666CC2E22C4C172600AF413B /* ViewController.swift */ = {isa = PBXFileReference; lastKnownFileType = sourcecode.swift; path = ViewController.swift; sourceTree = "<group>"; };
		666CC2E52C4C172600AF413B /* Base */ = {isa = PBXFileReference; lastKnownFileType = file.storyboard; name = Base; path = Base.lproj/Main.storyboard; sourceTree = "<group>"; };
		666CC2E72C4C172700AF413B /* Assets.xcassets */ = {isa = PBXFileReference; lastKnownFileType = folder.assetcatalog; path = Assets.xcassets; sourceTree = "<group>"; };
		666CC2EA2C4C172700AF413B /* Base */ = {isa = PBXFileReference; lastKnownFileType = file.storyboard; name = Base; path = Base.lproj/LaunchScreen.storyboard; sourceTree = "<group>"; };
		666CC2EC2C4C172700AF413B /* Info.plist */ = {isa = PBXFileReference; lastKnownFileType = text.plist.xml; path = Info.plist; sourceTree = "<group>"; };
		666CC2F22C4C181200AF413B /* MenuTableViewCell.swift */ = {isa = PBXFileReference; lastKnownFileType = sourcecode.swift; path = MenuTableViewCell.swift; sourceTree = "<group>"; };
		666CC2F42C4C184900AF413B /* MenuViewController.swift */ = {isa = PBXFileReference; lastKnownFileType = sourcecode.swift; path = MenuViewController.swift; sourceTree = "<group>"; };
		666CC2F82C4C18A700AF413B /* Item.swift */ = {isa = PBXFileReference; lastKnownFileType = sourcecode.swift; path = Item.swift; sourceTree = "<group>"; };
		666CC2FC2C4D5A9900AF413B /* CartTableViewCell.swift */ = {isa = PBXFileReference; lastKnownFileType = sourcecode.swift; path = CartTableViewCell.swift; sourceTree = "<group>"; };
		F737C2882C4D08070099BA81 /* OptionsViewController.swift */ = {isa = PBXFileReference; lastKnownFileType = sourcecode.swift; path = OptionsViewController.swift; sourceTree = "<group>"; };
		F737C28C2C4D18070099BA81 /* CartViewController.swift */ = {isa = PBXFileReference; lastKnownFileType = sourcecode.swift; path = CartViewController.swift; sourceTree = "<group>"; };
/* End PBXFileReference section */

/* Begin PBXFrameworksBuildPhase section */
		666CC2D82C4C172600AF413B /* Frameworks */ = {
			isa = PBXFrameworksBuildPhase;
			buildActionMask = 2147483647;
			files = (
			);
			runOnlyForDeploymentPostprocessing = 0;
		};
/* End PBXFrameworksBuildPhase section */

/* Begin PBXGroup section */
		666CC2D22C4C172600AF413B = {
			isa = PBXGroup;
			children = (
				666CC2DD2C4C172600AF413B /* kebuke */,
				666CC2DC2C4C172600AF413B /* Products */,
			);
			sourceTree = "<group>";
		};
		666CC2DC2C4C172600AF413B /* Products */ = {
			isa = PBXGroup;
			children = (
				666CC2DB2C4C172600AF413B /* kebuke.app */,
			);
			name = Products;
			sourceTree = "<group>";
		};
		666CC2DD2C4C172600AF413B /* kebuke */ = {
			isa = PBXGroup;
			children = (
				666CC2DE2C4C172600AF413B /* AppDelegate.swift */,
				666CC2E02C4C172600AF413B /* SceneDelegate.swift */,
				666CC2E22C4C172600AF413B /* ViewController.swift */,
				666CC2E42C4C172600AF413B /* Main.storyboard */,
				F737C2882C4D08070099BA81 /* OptionsViewController.swift */,
				F737C28C2C4D18070099BA81 /* CartViewController.swift */,
				666CC2FC2C4D5A9900AF413B /* CartTableViewCell.swift */,
				666CC2F42C4C184900AF413B /* MenuViewController.swift */,
				666CC2F22C4C181200AF413B /* MenuTableViewCell.swift */,
				666CC2E72C4C172700AF413B /* Assets.xcassets */,
				666CC2E92C4C172700AF413B /* LaunchScreen.storyboard */,
				666CC2EC2C4C172700AF413B /* Info.plist */,
				666CC2F82C4C18A700AF413B /* Item.swift */,
			);
			path = kebuke;
			sourceTree = "<group>";
		};
/* End PBXGroup section */

/* Begin PBXNativeTarget section */
		666CC2DA2C4C172600AF413B /* kebuke */ = {
			isa = PBXNativeTarget;
			buildConfigurationList = 666CC2EF2C4C172700AF413B /* Build configuration list for PBXNativeTarget "kebuke" */;
			buildPhases = (
				666CC2D72C4C172600AF413B /* Sources */,
				666CC2D82C4C172600AF413B /* Frameworks */,
				666CC2D92C4C172600AF413B /* Resources */,
			);
			buildRules = (
			);
			dependencies = (
			);
			name = kebuke;
			productName = kebuke;
			productReference = 666CC2DB2C4C172600AF413B /* kebuke.app */;
			productType = "com.apple.product-type.application";
		};
/* End PBXNativeTarget section */

/* Begin PBXProject section */
		666CC2D32C4C172600AF413B /* Project object */ = {
			isa = PBXProject;
			attributes = {
				BuildIndependentTargetsInParallel = 1;
				LastSwiftUpdateCheck = 1600;
				LastUpgradeCheck = 1600;
				TargetAttributes = {
					666CC2DA2C4C172600AF413B = {
						CreatedOnToolsVersion = 16.0;
					};
				};
			};
			buildConfigurationList = 666CC2D62C4C172600AF413B /* Build configuration list for PBXProject "kebuke" */;
			compatibilityVersion = "Xcode 15.0";
			developmentRegion = en;
			hasScannedForEncodings = 0;
			knownRegions = (
				en,
				Base,
			);
			mainGroup = 666CC2D22C4C172600AF413B;
			productRefGroup = 666CC2DC2C4C172600AF413B /* Products */;
			projectDirPath = "";
			projectRoot = "";
			targets = (
				666CC2DA2C4C172600AF413B /* kebuke */,
			);
		};
/* End PBXProject section */

/* Begin PBXResourcesBuildPhase section */
		666CC2D92C4C172600AF413B /* Resources */ = {
			isa = PBXResourcesBuildPhase;
			buildActionMask = 2147483647;
			files = (
				666CC2E82C4C172700AF413B /* Assets.xcassets in Resources */,
				666CC2EB2C4C172700AF413B /* Base in Resources */,
				666CC2E62C4C172600AF413B /* Base in Resources */,
			);
			runOnlyForDeploymentPostprocessing = 0;
		};
/* End PBXResourcesBuildPhase section */

/* Begin PBXSourcesBuildPhase section */
		666CC2D72C4C172600AF413B /* Sources */ = {
			isa = PBXSourcesBuildPhase;
			buildActionMask = 2147483647;
			files = (
				666CC2E32C4C172600AF413B /* ViewController.swift in Sources */,
				666CC2F52C4C184900AF413B /* MenuViewController.swift in Sources */,
				666CC2DF2C4C172600AF413B /* AppDelegate.swift in Sources */,
				F737C2892C4D08070099BA81 /* OptionsViewController.swift in Sources */,
				666CC2F32C4C181200AF413B /* MenuTableViewCell.swift in Sources */,
				666CC2F92C4C18A700AF413B /* Item.swift in Sources */,
				666CC2FD2C4D5A9900AF413B /* CartTableViewCell.swift in Sources */,
				F737C28D2C4D18070099BA81 /* CartViewController.swift in Sources */,
				666CC2E12C4C172600AF413B /* SceneDelegate.swift in Sources */,
			);
			runOnlyForDeploymentPostprocessing = 0;
		};
/* End PBXSourcesBuildPhase section */

/* Begin PBXVariantGroup section */
		666CC2E42C4C172600AF413B /* Main.storyboard */ = {
			isa = PBXVariantGroup;
			children = (
				666CC2E52C4C172600AF413B /* Base */,
			);
			name = Main.storyboard;
			sourceTree = "<group>";
		};
		666CC2E92C4C172700AF413B /* LaunchScreen.storyboard */ = {
			isa = PBXVariantGroup;
			children = (
				666CC2EA2C4C172700AF413B /* Base */,
			);
			name = LaunchScreen.storyboard;
			sourceTree = "<group>";
		};
/* End PBXVariantGroup section */

/* Begin XCBuildConfiguration section */
		666CC2ED2C4C172700AF413B /* Debug */ = {
			isa = XCBuildConfiguration;
			buildSettings = {
				ALWAYS_SEARCH_USER_PATHS = NO;
				ASSETCATALOG_COMPILER_GENERATE_SWIFT_ASSET_SYMBOL_EXTENSIONS = YES;
				CLANG_ANALYZER_NONNULL = YES;
				CLANG_ANALYZER_NUMBER_OBJECT_CONVERSION = YES_AGGRESSIVE;
				CLANG_CXX_LANGUAGE_STANDARD = "gnu++20";
				CLANG_ENABLE_MODULES = YES;
				CLANG_ENABLE_OBJC_ARC = YES;
				CLANG_ENABLE_OBJC_WEAK = YES;
				CLANG_WARN_BLOCK_CAPTURE_AUTORELEASING = YES;
				CLANG_WARN_BOOL_CONVERSION = YES;
				CLANG_WARN_COMMA = YES;
				CLANG_WARN_CONSTANT_CONVERSION = YES;
				CLANG_WARN_DEPRECATED_OBJC_IMPLEMENTATIONS = YES;
				CLANG_WARN_DIRECT_OBJC_ISA_USAGE = YES_ERROR;
				CLANG_WARN_DOCUMENTATION_COMMENTS = YES;
				CLANG_WARN_EMPTY_BODY = YES;
				CLANG_WARN_ENUM_CONVERSION = YES;
				CLANG_WARN_INFINITE_RECURSION = YES;
				CLANG_WARN_INT_CONVERSION = YES;
				CLANG_WARN_NON_LITERAL_NULL_CONVERSION = YES;
				CLANG_WARN_OBJC_IMPLICIT_RETAIN_SELF = YES;
				CLANG_WARN_OBJC_LITERAL_CONVERSION = YES;
				CLANG_WARN_OBJC_ROOT_CLASS = YES_ERROR;
				CLANG_WARN_QUOTED_INCLUDE_IN_FRAMEWORK_HEADER = YES;
				CLANG_WARN_RANGE_LOOP_ANALYSIS = YES;
				CLANG_WARN_STRICT_PROTOTYPES = YES;
				CLANG_WARN_SUSPICIOUS_MOVE = YES;
				CLANG_WARN_UNGUARDED_AVAILABILITY = YES_AGGRESSIVE;
				CLANG_WARN_UNREACHABLE_CODE = YES;
				CLANG_WARN__DUPLICATE_METHOD_MATCH = YES;
				COPY_PHASE_STRIP = NO;
				DEBUG_INFORMATION_FORMAT = dwarf;
				ENABLE_STRICT_OBJC_MSGSEND = YES;
				ENABLE_TESTABILITY = YES;
				ENABLE_USER_SCRIPT_SANDBOXING = YES;
				GCC_C_LANGUAGE_STANDARD = gnu17;
				GCC_DYNAMIC_NO_PIC = NO;
				GCC_NO_COMMON_BLOCKS = YES;
				GCC_OPTIMIZATION_LEVEL = 0;
				GCC_PREPROCESSOR_DEFINITIONS = (
					"DEBUG=1",
					"$(inherited)",
				);
				GCC_WARN_64_TO_32_BIT_CONVERSION = YES;
				GCC_WARN_ABOUT_RETURN_TYPE = YES_ERROR;
				GCC_WARN_UNDECLARED_SELECTOR = YES;
				GCC_WARN_UNINITIALIZED_AUTOS = YES_AGGRESSIVE;
				GCC_WARN_UNUSED_FUNCTION = YES;
				GCC_WARN_UNUSED_VARIABLE = YES;
				IPHONEOS_DEPLOYMENT_TARGET = 18.0;
				LOCALIZATION_PREFERS_STRING_CATALOGS = YES;
				MTL_ENABLE_DEBUG_INFO = INCLUDE_SOURCE;
				MTL_FAST_MATH = YES;
				ONLY_ACTIVE_ARCH = YES;
				SDKROOT = iphoneos;
				SWIFT_ACTIVE_COMPILATION_CONDITIONS = "DEBUG $(inherited)";
				SWIFT_OPTIMIZATION_LEVEL = "-Onone";
			};
			name = Debug;
		};
		666CC2EE2C4C172700AF413B /* Release */ = {
			isa = XCBuildConfiguration;
			buildSettings = {
				ALWAYS_SEARCH_USER_PATHS = NO;
				ASSETCATALOG_COMPILER_GENERATE_SWIFT_ASSET_SYMBOL_EXTENSIONS = YES;
				CLANG_ANALYZER_NONNULL = YES;
				CLANG_ANALYZER_NUMBER_OBJECT_CONVERSION = YES_AGGRESSIVE;
				CLANG_CXX_LANGUAGE_STANDARD = "gnu++20";
				CLANG_ENABLE_MODULES = YES;
				CLANG_ENABLE_OBJC_ARC = YES;
				CLANG_ENABLE_OBJC_WEAK = YES;
				CLANG_WARN_BLOCK_CAPTURE_AUTORELEASING = YES;
				CLANG_WARN_BOOL_CONVERSION = YES;
				CLANG_WARN_COMMA = YES;
				CLANG_WARN_CONSTANT_CONVERSION = YES;
				CLANG_WARN_DEPRECATED_OBJC_IMPLEMENTATIONS = YES;
				CLANG_WARN_DIRECT_OBJC_ISA_USAGE = YES_ERROR;
				CLANG_WARN_DOCUMENTATION_COMMENTS = YES;
				CLANG_WARN_EMPTY_BODY = YES;
				CLANG_WARN_ENUM_CONVERSION = YES;
				CLANG_WARN_INFINITE_RECURSION = YES;
				CLANG_WARN_INT_CONVERSION = YES;
				CLANG_WARN_NON_LITERAL_NULL_CONVERSION = YES;
				CLANG_WARN_OBJC_IMPLICIT_RETAIN_SELF = YES;
				CLANG_WARN_OBJC_LITERAL_CONVERSION = YES;
				CLANG_WARN_OBJC_ROOT_CLASS = YES_ERROR;
				CLANG_WARN_QUOTED_INCLUDE_IN_FRAMEWORK_HEADER = YES;
				CLANG_WARN_RANGE_LOOP_ANALYSIS = YES;
				CLANG_WARN_STRICT_PROTOTYPES = YES;
				CLANG_WARN_SUSPICIOUS_MOVE = YES;
				CLANG_WARN_UNGUARDED_AVAILABILITY = YES_AGGRESSIVE;
				CLANG_WARN_UNREACHABLE_CODE = YES;
				CLANG_WARN__DUPLICATE_METHOD_MATCH = YES;
				COPY_PHASE_STRIP = NO;
				DEBUG_INFORMATION_FORMAT = "dwarf-with-dsym";
				ENABLE_NS_ASSERTIONS = NO;
				ENABLE_STRICT_OBJC_MSGSEND = YES;
				ENABLE_USER_SCRIPT_SANDBOXING = YES;
				GCC_C_LANGUAGE_STANDARD = gnu17;
				GCC_NO_COMMON_BLOCKS = YES;
				GCC_WARN_64_TO_32_BIT_CONVERSION = YES;
				GCC_WARN_ABOUT_RETURN_TYPE = YES_ERROR;
				GCC_WARN_UNDECLARED_SELECTOR = YES;
				GCC_WARN_UNINITIALIZED_AUTOS = YES_AGGRESSIVE;
				GCC_WARN_UNUSED_FUNCTION = YES;
				GCC_WARN_UNUSED_VARIABLE = YES;
				IPHONEOS_DEPLOYMENT_TARGET = 18.0;
				LOCALIZATION_PREFERS_STRING_CATALOGS = YES;
				MTL_ENABLE_DEBUG_INFO = NO;
				MTL_FAST_MATH = YES;
				SDKROOT = iphoneos;
				SWIFT_COMPILATION_MODE = wholemodule;
				VALIDATE_PRODUCT = YES;
			};
			name = Release;
		};
		666CC2F02C4C172700AF413B /* Debug */ = {
			isa = XCBuildConfiguration;
			buildSettings = {
				ASSETCATALOG_COMPILER_APPICON_NAME = AppIcon;
				ASSETCATALOG_COMPILER_GLOBAL_ACCENT_COLOR_NAME = AccentColor;
				CODE_SIGN_STYLE = Automatic;
				CURRENT_PROJECT_VERSION = 1;
				DEVELOPMENT_TEAM = Q36V82Q359;
				GENERATE_INFOPLIST_FILE = YES;
				INFOPLIST_FILE = kebuke/Info.plist;
				INFOPLIST_KEY_UIApplicationSupportsIndirectInputEvents = YES;
				INFOPLIST_KEY_UILaunchStoryboardName = LaunchScreen;
				INFOPLIST_KEY_UIMainStoryboardFile = Main;
				INFOPLIST_KEY_UISupportedInterfaceOrientations_iPad = "UIInterfaceOrientationPortrait UIInterfaceOrientationPortraitUpsideDown UIInterfaceOrientationLandscapeLeft UIInterfaceOrientationLandscapeRight";
				INFOPLIST_KEY_UISupportedInterfaceOrientations_iPhone = "UIInterfaceOrientationPortrait UIInterfaceOrientationLandscapeLeft UIInterfaceOrientationLandscapeRight";
				LD_RUNPATH_SEARCH_PATHS = (
					"$(inherited)",
					"@executable_path/Frameworks",
				);
				MARKETING_VERSION = 1.0;
				PRODUCT_BUNDLE_IDENTIFIER = yt.kebuke;
				PRODUCT_NAME = "$(TARGET_NAME)";
				SWIFT_EMIT_LOC_STRINGS = YES;
				SWIFT_VERSION = 5.0;
				TARGETED_DEVICE_FAMILY = "1,2";
			};
			name = Debug;
		};
		666CC2F12C4C172700AF413B /* Release */ = {
			isa = XCBuildConfiguration;
			buildSettings = {
				ASSETCATALOG_COMPILER_APPICON_NAME = AppIcon;
				ASSETCATALOG_COMPILER_GLOBAL_ACCENT_COLOR_NAME = AccentColor;
				CODE_SIGN_STYLE = Automatic;
				CURRENT_PROJECT_VERSION = 1;
				DEVELOPMENT_TEAM = Q36V82Q359;
				GENERATE_INFOPLIST_FILE = YES;
				INFOPLIST_FILE = kebuke/Info.plist;
				INFOPLIST_KEY_UIApplicationSupportsIndirectInputEvents = YES;
				INFOPLIST_KEY_UILaunchStoryboardName = LaunchScreen;
				INFOPLIST_KEY_UIMainStoryboardFile = Main;
				INFOPLIST_KEY_UISupportedInterfaceOrientations_iPad = "UIInterfaceOrientationPortrait UIInterfaceOrientationPortraitUpsideDown UIInterfaceOrientationLandscapeLeft UIInterfaceOrientationLandscapeRight";
				INFOPLIST_KEY_UISupportedInterfaceOrientations_iPhone = "UIInterfaceOrientationPortrait UIInterfaceOrientationLandscapeLeft UIInterfaceOrientationLandscapeRight";
				LD_RUNPATH_SEARCH_PATHS = (
					"$(inherited)",
					"@executable_path/Frameworks",
				);
				MARKETING_VERSION = 1.0;
				PRODUCT_BUNDLE_IDENTIFIER = yt.kebuke;
				PRODUCT_NAME = "$(TARGET_NAME)";
				SWIFT_EMIT_LOC_STRINGS = YES;
				SWIFT_VERSION = 5.0;
				TARGETED_DEVICE_FAMILY = "1,2";
			};
			name = Release;
		};
/* End XCBuildConfiguration section */

/* Begin XCConfigurationList section */
		666CC2D62C4C172600AF413B /* Build configuration list for PBXProject "kebuke" */ = {
			isa = XCConfigurationList;
			buildConfigurations = (
				666CC2ED2C4C172700AF413B /* Debug */,
				666CC2EE2C4C172700AF413B /* Release */,
			);
			defaultConfigurationIsVisible = 0;
			defaultConfigurationName = Release;
		};
		666CC2EF2C4C172700AF413B /* Build configuration list for PBXNativeTarget "kebuke" */ = {
			isa = XCConfigurationList;
			buildConfigurations = (
				666CC2F02C4C172700AF413B /* Debug */,
				666CC2F12C4C172700AF413B /* Release */,
			);
			defaultConfigurationIsVisible = 0;
			defaultConfigurationName = Release;
		};
/* End XCConfigurationList section */
	};
	rootObject = 666CC2D32C4C172600AF413B /* Project object */;
}
